{
  "version": 1,
  "dependencies": {
    "net8.0": {
      "ServiceStack.Core": {
        "type": "Direct",
        "requested": "[8.4.0, )",
        "resolved": "8.4.0",
        "contentHash": "r3RDQSD+T1sI7YNJRPHR6KnSThAYMXuQ+BomeBzyZSI/N/t7h2Ev11/vrdOq/tI/F2FNWQ4dR9Rs6z/HriHdKA==",
        "dependencies": {
          "ServiceStack.Client.Core": "8.4.0",
          "ServiceStack.Common.Core": "8.4.0",
          "ServiceStack.Interfaces.Core": "8.4.0",
          "ServiceStack.Text.Core": "8.4.0"
        }
      },
      "Microsoft.CSharp": {
        "type": "Transitive",
        "resolved": "4.7.0",
        "contentHash": "pTj+D3uJWyN3My70i2Hqo+OXixq3Os2D1nJ2x92FFo6sk8fYS1m1WLNTs0Dc1uPaViH0YvEEwvzddQ7y4rhXmA=="
      },
      "Microsoft.Extensions.DependencyInjection": {
        "type": "Transitive",
        "resolved": "6.0.0",
        "contentHash": "k6PWQMuoBDGGHOQTtyois2u4AwyVcIwL2LaSLlTZQm2CYcJ1pxbt6jfAnpWmzENA/wfrYRI/X9DTLoUkE4AsLw==",
        "dependencies": {
          "Microsoft.Extensions.DependencyInjection.Abstractions": "6.0.0",
          "System.Runtime.CompilerServices.Unsafe": "6.0.0"
        }
      },
      "Microsoft.Extensions.DependencyInjection.Abstractions": {
        "type": "Transitive",
        "resolved": "6.0.0",
        "contentHash": "xlzi2IYREJH3/m6+lUrQlujzX8wDitm4QGnUu6kUXTQAWPuZY8i+ticFJbzfqaetLA6KR/rO6Ew/HuYD+bxifg=="
      },
      "Microsoft.Extensions.Http": {
        "type": "Transitive",
        "resolved": "6.0.0",
        "contentHash": "15+pa2G0bAMHbHewaQIdr/y6ag2H3yh4rd9hTXavtWDzQBkvpe2RMqFg8BxDpcQWssmjmBApGPcw93QRz6YcMg==",
        "dependencies": {
          "Microsoft.Extensions.DependencyInjection.Abstractions": "6.0.0",
          "Microsoft.Extensions.Logging": "6.0.0",
          "Microsoft.Extensions.Logging.Abstractions": "6.0.0",
          "Microsoft.Extensions.Options": "6.0.0"
        }
      },
      "Microsoft.Extensions.Logging": {
        "type": "Transitive",
        "resolved": "6.0.0",
        "contentHash": "eIbyj40QDg1NDz0HBW0S5f3wrLVnKWnDJ/JtZ+yJDFnDj90VoPuoPmFkeaXrtu+0cKm5GRAwoDf+dBWXK0TUdg==",
        "dependencies": {
          "Microsoft.Extensions.DependencyInjection": "6.0.0",
          "Microsoft.Extensions.DependencyInjection.Abstractions": "6.0.0",
          "Microsoft.Extensions.Logging.Abstractions": "6.0.0",
          "Microsoft.Extensions.Options": "6.0.0",
          "System.Diagnostics.DiagnosticSource": "6.0.0"
        }
      },
      "Microsoft.Extensions.Logging.Abstractions": {
        "type": "Transitive",
        "resolved": "6.0.0",
        "contentHash": "/HggWBbTwy8TgebGSX5DBZ24ndhzi93sHUBDvP1IxbZD7FDokYzdAr6+vbWGjw2XAfR2EJ1sfKUotpjHnFWPxA=="
      },
      "Microsoft.Extensions.Options": {
        "type": "Transitive",
        "resolved": "6.0.0",
        "contentHash": "dzXN0+V1AyjOe2xcJ86Qbo233KHuLEY0njf/P2Kw8SfJU+d45HNS2ctJdnEnrWbM9Ye2eFgaC5Mj9otRMU6IsQ==",
        "dependencies": {
          "Microsoft.Extensions.DependencyInjection.Abstractions": "6.0.0",
          "Microsoft.Extensions.Primitives": "6.0.0"
        }
      },
      "Microsoft.Extensions.Primitives": {
        "type": "Transitive",
        "resolved": "6.0.0",
        "contentHash": "9+PnzmQFfEFNR9J2aDTfJGGupShHjOuGw4VUv+JB044biSHrnmCIMD+mJHmb2H7YryrfBEXDurxQ47gJZdCKNQ==",
        "dependencies": {
          "System.Runtime.CompilerServices.Unsafe": "6.0.0"
        }
      },
      "ServiceStack.Client.Core": {
        "type": "Transitive",
        "resolved": "8.4.0",
        "contentHash": "cssh+Key0jVdPCLCn9naUfgyLfnWzu59RCqBN4AEr1X1j7jgs2PdXs5Y1rt1C8IzpQEASve3xC/wIXvRtuES9w==",
        "dependencies": {
          "Microsoft.Extensions.Http": "6.0.0",
          "ServiceStack.Interfaces.Core": "8.4.0",
          "ServiceStack.Text.Core": "8.4.0"
        }
      },
      "ServiceStack.Common.Core": {
        "type": "Transitive",
        "resolved": "8.4.0",
        "contentHash": "n/V4qNYrPCRRSLGFO4sgcHUmlPC+5Qy47HWZDg8OwAMR+I5kEy/+HuQgbVoktPI77v14ywyrv6iwbojCCtPIDg==",
        "dependencies": {
          "ServiceStack.Interfaces.Core": "8.4.0",
          "ServiceStack.Text.Core": "8.4.0",
          "System.Memory": "4.5.5"
        }
      },
      "ServiceStack.Interfaces.Core": {
        "type": "Transitive",
        "resolved": "8.4.0",
        "contentHash": "K7IdSJ2c0NKLaZGS/kICp/T9yUhZElDTg7wpH8hvAAuYiR30kKdNDSVR0fSYJlJPqcgmUHG71HA6Y2LyW5zQgQ=="
      },
      "ServiceStack.Text.Core": {
        "type": "Transitive",
        "resolved": "8.4.0",
        "contentHash": "R1BGFhacZ045s1af0wZsNeQhta1vLZ0JEOoPyWHAslNprx5v2A4yMgrkP2x/jp773S7q91aFIT6/hfVpuAaK/w==",
        "dependencies": {
          "Microsoft.CSharp": "4.7.0",
          "System.Diagnostics.DiagnosticSource": "6.0.0",
          "System.Memory": "4.5.5"
        }
      },
      "System.Diagnostics.DiagnosticSource": {
        "type": "Transitive",
        "resolved": "6.0.0",
        "contentHash": "frQDfv0rl209cKm1lnwTgFPzNigy2EKk1BS3uAvHvlBVKe5cymGyHO+Sj+NLv5VF/AhHsqPIUUwya5oV4CHMUw==",
        "dependencies": {
          "System.Runtime.CompilerServices.Unsafe": "6.0.0"
        }
      },
      "System.Memory": {
        "type": "Transitive",
        "resolved": "4.5.5",
        "contentHash": "XIWiDvKPXaTveaB7HVganDlOCRoj03l+jrwNvcge/t8vhGYKvqV+dMv6G4SAX2NoNmN0wZfVPTAlFwZcZvVOUw=="
      },
      "System.Runtime.CompilerServices.Unsafe": {
        "type": "Transitive",
        "resolved": "6.0.0",
        "contentHash": "/iUeP3tq1S0XdNNoMz5C9twLSrM/TH+qElHkXWaPvuNOt+99G75NrV0OS2EqHx5wMN7popYjpc8oTjC1y16DLg=="
      }
    }
  }
}